
Microsoft Visual Studio Solution File, Format Version 12.00
# Visual Studio Version 17
VisualStudioVersion = 17.2.32516.85
MinimumVisualStudioVersion = 10.0.40219.1
Project("{FAE04EC0-301F-11D3-BF4B-00C04F79EFBC}") = "AlfaTask1", "AlfaTask1\AlfaTask1.csproj", "{6B288454-6CDD-4CEF-AAF5-C1AF07BAAB97}"
EndProject
Global
	GlobalSection(SolutionConfigurationPlatforms) = preSolution
		Debug|Any CPU = Debug|Any CPU
		Release|Any CPU = Release|Any CPU
	EndGlobalSection
	GlobalSection(ProjectConfigurationPlatforms) = postSolution
		{6B288454-6CDD-4CEF-AAF5-C1AF07BAAB97}.Debug|Any CPU.ActiveCfg = Debug|Any CPU
		{6B288454-6CDD-4CEF-AAF5-C1AF07BAAB97}.Debug|Any CPU.Build.0 = Debug|Any CPU
		{6B288454-6CDD-4CEF-AAF5-C1AF07BAAB97}.Release|Any CPU.ActiveCfg = Release|Any CPU
		{6B288454-6CDD-4CEF-AAF5-C1AF07BAAB97}.Release|Any CPU.Build.0 = Release|Any CPU
	EndGlobalSection
	GlobalSection(SolutionProperties) = preSolution
		HideSolutionNode = FALSE
	EndGlobalSection
	GlobalSection(ExtensibilityGlobals) = postSolution
		SolutionGuid = {4FE2DB86-7743-4B3C-97D6-585D1C50140E}
	EndGlobalSection
EndGlobal
